
Microsoft Visual Studio Solution File, Format Version 12.00
# Visual Studio 15
VisualStudioVersion = 15.0.28010.2026
MinimumVisualStudioVersion = 10.0.40219.1
Project("{8BC9CEB8-8B4A-11D0-8D11-00A0C91BC942}") = "Session 1 - Sockets UDP - Client", "Session 1 - Sockets UDP - Client\Session 1 - Sockets UDP - Client.vcxproj", "{BBEE7B28-0E60-4C0D-B783-71C82E2A9ED0}"
EndProject
Project("{8BC9CEB8-8B4A-11D0-8D11-00A0C91BC942}") = "Session 1 - Sockets UDP - Server", "Session 1 - Sockets UDP - Server\Session 1 - Sockets UDP - Server.vcxproj", "{96FE55A5-14E7-4CD8-8281-A9EB31C5074B}"
EndProject
Global
	GlobalSection(SolutionConfigurationPlatforms) = preSolution
		Debug|x64 = Debug|x64
		Debug|x86 = Debug|x86
		Release|x64 = Release|x64
		Release|x86 = Release|x86
	EndGlobalSection
	GlobalSection(ProjectConfigurationPlatforms) = postSolution
		{BBEE7B28-0E60-4C0D-B783-71C82E2A9ED0}.Debug|x64.ActiveCfg = Debug|x64
		{BBEE7B28-0E60-4C0D-B783-71C82E2A9ED0}.Debug|x64.Build.0 = Debug|x64
		{BBEE7B28-0E60-4C0D-B783-71C82E2A9ED0}.Debug|x86.ActiveCfg = Debug|Win32
		{BBEE7B28-0E60-4C0D-B783-71C82E2A9ED0}.Debug|x86.Build.0 = Debug|Win32
		{BBEE7B28-0E60-4C0D-B783-71C82E2A9ED0}.Release|x64.ActiveCfg = Release|x64
		{BBEE7B28-0E60-4C0D-B783-71C82E2A9ED0}.Release|x64.Build.0 = Release|x64
		{BBEE7B28-0E60-4C0D-B783-71C82E2A9ED0}.Release|x86.ActiveCfg = Release|Win32
		{BBEE7B28-0E60-4C0D-B783-71C82E2A9ED0}.Release|x86.Build.0 = Release|Win32
		{96FE55A5-14E7-4CD8-8281-A9EB31C5074B}.Debug|x64.ActiveCfg = Debug|x64
		{96FE55A5-14E7-4CD8-8281-A9EB31C5074B}.Debug|x64.Build.0 = Debug|x64
		{96FE55A5-14E7-4CD8-8281-A9EB31C5074B}.Debug|x86.ActiveCfg = Debug|Win32
		{96FE55A5-14E7-4CD8-8281-A9EB31C5074B}.Debug|x86.Build.0 = Debug|Win32
		{96FE55A5-14E7-4CD8-8281-A9EB31C5074B}.Release|x64.ActiveCfg = Release|x64
		{96FE55A5-14E7-4CD8-8281-A9EB31C5074B}.Release|x64.Build.0 = Release|x64
		{96FE55A5-14E7-4CD8-8281-A9EB31C5074B}.Release|x86.ActiveCfg = Release|Win32
		{96FE55A5-14E7-4CD8-8281-A9EB31C5074B}.Release|x86.Build.0 = Release|Win32
	EndGlobalSection
	GlobalSection(SolutionProperties) = preSolution
		HideSolutionNode = FALSE
	EndGlobalSection
	GlobalSection(ExtensibilityGlobals) = postSolution
		SolutionGuid = {2B7A78EE-73B8-4912-B5F6-3DC1007B08FC}
	EndGlobalSection
EndGlobal
